
Microsoft Visual Studio Solution File, Format Version 10.00
# Visual Studio 2008
Project("{FAE04EC0-301F-11D3-BF4B-00C04F79EFBC}") = "ServiceBroker.Queues", "ServiceBroker.Queues\ServiceBroker.Queues.csproj", "{FE442B11-861E-4997-8D20-6915191ACF27}"
EndProject
Project("{FAE04EC0-301F-11D3-BF4B-00C04F79EFBC}") = "ServiceBroker.Queues.Tests", "ServiceBroker.Queues.Tests\ServiceBroker.Queues.Tests.csproj", "{59276EA2-AB3C-4923-BAE5-DED05647AF8D}"
EndProject
Global
	GlobalSection(SolutionConfigurationPlatforms) = preSolution
		Debug|Any CPU = Debug|Any CPU
		Release|Any CPU = Release|Any CPU
	EndGlobalSection
	GlobalSection(ProjectConfigurationPlatforms) = postSolution
		{FE442B11-861E-4997-8D20-6915191ACF27}.Debug|Any CPU.ActiveCfg = Debug|Any CPU
		{FE442B11-861E-4997-8D20-6915191ACF27}.Debug|Any CPU.Build.0 = Debug|Any CPU
		{FE442B11-861E-4997-8D20-6915191ACF27}.Release|Any CPU.ActiveCfg = Release|Any CPU
		{FE442B11-861E-4997-8D20-6915191ACF27}.Release|Any CPU.Build.0 = Release|Any CPU
		{59276EA2-AB3C-4923-BAE5-DED05647AF8D}.Debug|Any CPU.ActiveCfg = Debug|Any CPU
		{59276EA2-AB3C-4923-BAE5-DED05647AF8D}.Debug|Any CPU.Build.0 = Debug|Any CPU
		{59276EA2-AB3C-4923-BAE5-DED05647AF8D}.Release|Any CPU.ActiveCfg = Release|Any CPU
		{59276EA2-AB3C-4923-BAE5-DED05647AF8D}.Release|Any CPU.Build.0 = Release|Any CPU
	EndGlobalSection
	GlobalSection(SolutionProperties) = preSolution
		HideSolutionNode = FALSE
	EndGlobalSection
EndGlobal
